<?xml version="1.0" encoding="utf-8"?>
<Project ToolsVersion="4.0" xmlns="http://schemas.microsoft.com/developer/msbuild/2003">
  <ItemGroup>
    <ClInclude Include="pch.h" />
    <ClInclude Include="android_native_app_glue.h">
      <Filter>Framework\Android</Filter>
    </ClInclude>
    <ClInclude Include="GlueHandler.h">
      <Filter>Framework\Android</Filter>
    </ClInclude>
    <ClInclude Include="GLEnvironment.h">
      <Filter>Framework\GLES</Filter>
    </ClInclude>
    <ClInclude Include="Thread.h">
      <Filter>Framework\Object</Filter>
    </ClInclude>
    <ClInclude Include="IDisposable.h">
      <Filter>Framework\Object</Filter>
    </ClInclude>
    <ClInclude Include="LockFreeQueue.h">
      <Filter>Framework\Object</Filter>
    </ClInclude>
    <ClInclude Include="Singleton.h">
      <Filter>Framework\Object</Filter>
    </ClInclude>
    <ClInclude Include="TouchSensor.h">
      <Filter>Input</Filter>
    </ClInclude>
    <ClInclude Include="InputManager.h">
      <Filter>Input</Filter>
    </ClInclude>
    <ClInclude Include="InputParam.h">
      <Filter>Input</Filter>
    </ClInclude>
    <ClInclude Include="MotionFinger.h">
      <Filter>Input</Filter>
    </ClInclude>
    <ClInclude Include="SceneManager.h">
      <Filter>Scene</Filter>
    </ClInclude>
  </ItemGroup>
  <ItemGroup>
    <ClCompile Include="main.cpp" />
    <ClCompile Include="android_native_app_glue.c">
      <Filter>Framework\Android</Filter>
    </ClCompile>
    <ClCompile Include="GlueHandler.cpp">
      <Filter>Framework\Android</Filter>
    </ClCompile>
    <ClCompile Include="InputManager.cpp">
      <Filter>Input</Filter>
    </ClCompile>
    <ClCompile Include="MotionFinger.cpp">
      <Filter>Input</Filter>
    </ClCompile>
  </ItemGroup>
  <ItemGroup>
    <Filter Include="Framework">
      <UniqueIdentifier>{d86be87b-1ba6-400b-ba51-c6e8a022051f}</UniqueIdentifier>
    </Filter>
    <Filter Include="Framework\Android">
      <UniqueIdentifier>{460a92ff-f249-45a1-b0d2-ca340487c027}</UniqueIdentifier>
    </Filter>
    <Filter Include="Framework\GLES">
      <UniqueIdentifier>{9641d2bc-d122-47ce-a4cc-31dae019ea5a}</UniqueIdentifier>
    </Filter>
    <Filter Include="Framework\Object">
      <UniqueIdentifier>{f8889f79-87ab-4e20-afae-c2f8ca6faaab}</UniqueIdentifier>
    </Filter>
    <Filter Include="Input">
      <UniqueIdentifier>{373bfc0d-60ba-4455-89c2-f679b9d28727}</UniqueIdentifier>
    </Filter>
    <Filter Include="Scene">
      <UniqueIdentifier>{32ff1ab0-3537-4efe-a0f0-858960f61f54}</UniqueIdentifier>
    </Filter>
  </ItemGroup>
</Project>